
Microsoft Visual Studio Solution File, Format Version 12.00
# Visual Studio 15
VisualStudioVersion = 15.0.28307.1300
MinimumVisualStudioVersion = 10.0.40219.1
Project("{FAE04EC0-301F-11D3-BF4B-00C04F79EFBC}") = "ServerCodeRest_20180140047_ImamZakky", "ServerCodeRest_20180140047_ImamZakky\ServerCodeRest_20180140047_ImamZakky.csproj", "{3AEA64A8-235A-4A20-BEFF-4E207ECD3514}"
EndProject
Global
	GlobalSection(SolutionConfigurationPlatforms) = preSolution
		Debug|Any CPU = Debug|Any CPU
		Release|Any CPU = Release|Any CPU
	EndGlobalSection
	GlobalSection(ProjectConfigurationPlatforms) = postSolution
		{3AEA64A8-235A-4A20-BEFF-4E207ECD3514}.Debug|Any CPU.ActiveCfg = Debug|Any CPU
		{3AEA64A8-235A-4A20-BEFF-4E207ECD3514}.Debug|Any CPU.Build.0 = Debug|Any CPU
		{3AEA64A8-235A-4A20-BEFF-4E207ECD3514}.Release|Any CPU.ActiveCfg = Release|Any CPU
		{3AEA64A8-235A-4A20-BEFF-4E207ECD3514}.Release|Any CPU.Build.0 = Release|Any CPU
	EndGlobalSection
	GlobalSection(SolutionProperties) = preSolution
		HideSolutionNode = FALSE
	EndGlobalSection
	GlobalSection(ExtensibilityGlobals) = postSolution
		SolutionGuid = {DC070D0A-540E-492D-BBEC-388897F1BF24}
	EndGlobalSection
EndGlobal
